
Microsoft Visual Studio Solution File, Format Version 12.00
# Visual Studio 15
VisualStudioVersion = 15.0.28307.1000
MinimumVisualStudioVersion = 10.0.40219.1
Project("{FAE04EC0-301F-11D3-BF4B-00C04F79EFBC}") = "ForumProject", "ForumProject\ForumProject.csproj", "{BA817EC3-1E59-42DC-9A3F-7153D167BD0E}"
EndProject
Global
	GlobalSection(SolutionConfigurationPlatforms) = preSolution
		Debug|Any CPU = Debug|Any CPU
		Release|Any CPU = Release|Any CPU
	EndGlobalSection
	GlobalSection(ProjectConfigurationPlatforms) = postSolution
		{BA817EC3-1E59-42DC-9A3F-7153D167BD0E}.Debug|Any CPU.ActiveCfg = Debug|Any CPU
		{BA817EC3-1E59-42DC-9A3F-7153D167BD0E}.Debug|Any CPU.Build.0 = Debug|Any CPU
		{BA817EC3-1E59-42DC-9A3F-7153D167BD0E}.Release|Any CPU.ActiveCfg = Release|Any CPU
		{BA817EC3-1E59-42DC-9A3F-7153D167BD0E}.Release|Any CPU.Build.0 = Release|Any CPU
	EndGlobalSection
	GlobalSection(SolutionProperties) = preSolution
		HideSolutionNode = FALSE
	EndGlobalSection
	GlobalSection(ExtensibilityGlobals) = postSolution
		SolutionGuid = {88284E58-E7C7-444C-B166-2BBC36EC6F52}
	EndGlobalSection
EndGlobal
